<?xml version="1.0" encoding="utf-8"?>
<Project ToolsVersion="4.0" xmlns="http://schemas.microsoft.com/developer/msbuild/2003">
  <ItemGroup>
    <Filter Include="Pliki źródłowe">
      <UniqueIdentifier>{4FC737F1-C7A5-4376-A066-2A32D752A2FF}</UniqueIdentifier>
      <Extensions>cpp;c;cc;cxx;c++;cppm;ixx;def;odl;idl;hpj;bat;asm;asmx</Extensions>
    </Filter>
    <Filter Include="Pliki nagłówkowe">
      <UniqueIdentifier>{93995380-89BD-4b04-88EB-625FBE52EBFB}</UniqueIdentifier>
      <Extensions>h;hh;hpp;hxx;h++;hm;inl;inc;ipp;xsd</Extensions>
    </Filter>
    <Filter Include="Pliki zasobów">
      <UniqueIdentifier>{67DA6AB6-F800-4c08-8B7A-83BB121AAD01}</UniqueIdentifier>
      <Extensions>rc;ico;cur;bmp;dlg;rc2;rct;bin;rgs;gif;jpg;jpeg;jpe;resx;tiff;tif;png;wav;mfcribbon-ms</Extensions>
    </Filter>
    <Filter Include="Pliki zasobów\Textures">
      <UniqueIdentifier>{5ad3038b-04ab-4cf9-b016-477a0c2a1c28}</UniqueIdentifier>
    </Filter>
    <Filter Include="Pliki zasobów\Shaders">
      <UniqueIdentifier>{4bd20641-4b95-44a0-afd8-3b92c1fa415e}</UniqueIdentifier>
    </Filter>
  </ItemGroup>
  <ItemGroup>
    <ClCompile Include="glad.c">
      <Filter>Pliki źródłowe</Filter>
    </ClCompile>
    <ClCompile Include="main.cpp">
      <Filter>Pliki źródłowe</Filter>
    </ClCompile>
    <ClCompile Include="stb.cpp">
      <Filter>Pliki źródłowe</Filter>
    </ClCompile>
    <ClCompile Include="shaderClass.cpp">
      <Filter>Pliki źródłowe</Filter>
    </ClCompile>
    <ClCompile Include="VBO.cpp">
      <Filter>Pliki źródłowe</Filter>
    </ClCompile>
    <ClCompile Include="VAO.cpp">
      <Filter>Pliki źródłowe</Filter>
    </ClCompile>
    <ClCompile Include="EBO.cpp">
      <Filter>Pliki źródłowe</Filter>
    </ClCompile>
    <ClCompile Include="Camera.cpp">
      <Filter>Pliki źródłowe</Filter>
    </ClCompile>
  </ItemGroup>
  <ItemGroup>
    <Image Include="..\..\..\Desktop\stone.jpg">
      <Filter>Pliki zasobów\Textures</Filter>
    </Image>
    <Image Include="..\opengl-tutorials\Resources\YoutubeOpenGL 6 - Textures\pop_cat.png">
      <Filter>Pliki zasobów\Textures</Filter>
    </Image>
    <Image Include="..\..\..\Desktop\brick.png">
      <Filter>Pliki zasobów\Textures</Filter>
    </Image>
    <Image Include="..\..\..\Desktop\container.jpg">
      <Filter>Pliki zasobów\Textures</Filter>
    </Image>
    <Image Include="..\..\..\Desktop\pepedes.png">
      <Filter>Pliki zasobów\Textures</Filter>
    </Image>
    <Image Include="D:\Studia 2021\RW\victor-totorials\OpenglCamera\OpenglCamera\pepe.png">
      <Filter>Pliki zasobów\Textures</Filter>
    </Image>
  </ItemGroup>
  <ItemGroup>
    <None Include="defaultTex.vert">
      <Filter>Pliki zasobów\Shaders</Filter>
    </None>
    <None Include="defaultTex.frag">
      <Filter>Pliki zasobów\Shaders</Filter>
    </None>
    <None Include="default.frag">
      <Filter>Pliki zasobów\Shaders</Filter>
    </None>
    <None Include="default.vert">
      <Filter>Pliki zasobów\Shaders</Filter>
    </None>
  </ItemGroup>
  <ItemGroup>
    <ClInclude Include="shaderClass.h">
      <Filter>Pliki nagłówkowe</Filter>
    </ClInclude>
    <ClInclude Include="VBO.h">
      <Filter>Pliki nagłówkowe</Filter>
    </ClInclude>
    <ClInclude Include="VAO.h">
      <Filter>Pliki nagłówkowe</Filter>
    </ClInclude>
    <ClInclude Include="EBO.h">
      <Filter>Pliki nagłówkowe</Filter>
    </ClInclude>
    <ClInclude Include="Camera.h">
      <Filter>Pliki nagłówkowe</Filter>
    </ClInclude>
    <ClInclude Include="..\..\..\AppData\Local\Temp\Rar$DRa23284.28646\linmath.h-master\linmath.h">
      <Filter>Pliki nagłówkowe</Filter>
    </ClInclude>
  </ItemGroup>
</Project>